
Microsoft Visual Studio Solution File, Format Version 12.00
# Visual Studio Version 16
VisualStudioVersion = 16.0.810.22
MinimumVisualStudioVersion = 10.0.40219.1
Project("{2150E333-8FDC-42A3-9474-1A3956D46DE8}") = "Services", "Services", "{5302D0BA-9A14-4AC2-A4E6-5E07C9DDEFF1}"
EndProject
Project("{2150E333-8FDC-42A3-9474-1A3956D46DE8}") = "Catalog", "Catalog", "{87999034-A013-4807-BD1F-D78CA66DFE0E}"
EndProject
Project("{9A19103F-16F7-4668-BE54-9A1E7A4F7556}") = "FreeCourse.Services.Catalog", "Services\Catalog\FreeCourse.Services.Catalog\FreeCourse.Services.Catalog.csproj", "{DCE671B3-1EDE-4AAB-A83B-6B77C0B13E2D}"
EndProject
Project("{2150E333-8FDC-42A3-9474-1A3956D46DE8}") = "Shared", "Shared", "{D85A90CE-AD3D-4AF3-8107-D96C3D3CAAE7}"
EndProject
Project("{9A19103F-16F7-4668-BE54-9A1E7A4F7556}") = "FreeCourse.Shared", "Shared\FreeCourse.Shared\FreeCourse.Shared.csproj", "{AE621F4B-7031-4C08-AF55-C572F7986719}"
EndProject
Project("{2150E333-8FDC-42A3-9474-1A3956D46DE8}") = "PhotoStock", "PhotoStock", "{6D80BFAC-5572-44A4-80E8-570070085B2C}"
EndProject
Project("{2150E333-8FDC-42A3-9474-1A3956D46DE8}") = "Basket", "Basket", "{03C49E13-F7A3-4B96-A07E-96ADB7241D1F}"
EndProject
Project("{9A19103F-16F7-4668-BE54-9A1E7A4F7556}") = "FreeCourse.Services.PhotoStock", "Services\FreeCourse.Services.PhotoStock\FreeCourse.Services.PhotoStock.csproj", "{9151D52E-EA1B-4ED5-A0AF-9CCF92A6D57B}"
EndProject
Project("{9A19103F-16F7-4668-BE54-9A1E7A4F7556}") = "FreeCourse.Services.Basket", "Services\Basket\FreeCourse.Services.Basket\FreeCourse.Services.Basket.csproj", "{34F0648E-CF10-4F0E-BF01-7DA7768339A1}"
EndProject
Project("{2150E333-8FDC-42A3-9474-1A3956D46DE8}") = "Discount", "Discount", "{B8DF56F0-4A60-47FA-A53A-55692F459725}"
EndProject
Project("{9A19103F-16F7-4668-BE54-9A1E7A4F7556}") = "Freeservices.Services.Discount", "Services\Discount\Freeservices.Services.Discount\Freeservices.Services.Discount.csproj", "{1C87BD4D-015B-45B3-8A04-4044BFE70F38}"
EndProject
Project("{9A19103F-16F7-4668-BE54-9A1E7A4F7556}") = "FreeCourse.IdentityServer", "IdentityServer\FreeCourse.IdentityServer\FreeCourse.IdentityServer.csproj", "{27ED0AAE-6E78-4DD8-A622-5FD8D5CE982A}"
EndProject
Project("{2150E333-8FDC-42A3-9474-1A3956D46DE8}") = "Order", "Order", "{CE47B70E-FBB7-4585-B14B-5EC4B4BDA1F4}"
EndProject
Project("{FAE04EC0-301F-11D3-BF4B-00C04F79EFBC}") = "FreeCourse.Services.Order.Application", "Services\Order\FreeCourse.Services.Order.Application\FreeCourse.Services.Order.Application.csproj", "{393D7A77-2E41-45A1-858E-D7D0167B63AC}"
EndProject
Project("{FAE04EC0-301F-11D3-BF4B-00C04F79EFBC}") = "FreeCourse.Services.Order.Domain", "Services\Order\FreeCourse.Services.Order.Domain\FreeCourse.Services.Order.Domain.csproj", "{B005EB6E-1FA4-4DE4-9EDC-80322E7FAED4}"
EndProject
Project("{FAE04EC0-301F-11D3-BF4B-00C04F79EFBC}") = "FreeCourse.Services.Order.Domain.Core", "Services\Order\FreeCourse.Services.Order.Domain.Core\FreeCourse.Services.Order.Domain.Core.csproj", "{D718EA14-D146-404D-BCB0-D1B685CACFC0}"
EndProject
Project("{FAE04EC0-301F-11D3-BF4B-00C04F79EFBC}") = "FreeCourse.Services.Order.Infrastructure", "Services\Order\FreeCourse.Services.Order.Infrastructure\FreeCourse.Services.Order.Infrastructure.csproj", "{C330FF0C-6C54-4244-8D4E-C9377751B391}"
EndProject
Project("{FAE04EC0-301F-11D3-BF4B-00C04F79EFBC}") = "FreeCourse.Services.Order.API", "Services\Order\FreeCourse.Services.Order.API\FreeCourse.Services.Order.API.csproj", "{D2F367A7-69C8-42ED-A3EB-E148B5DC5C09}"
EndProject
Project("{2150E333-8FDC-42A3-9474-1A3956D46DE8}") = "FakePayment", "FakePayment", "{E6822C8C-1B1F-4FCF-9BF2-1C11E6AB8345}"
EndProject
Project("{FAE04EC0-301F-11D3-BF4B-00C04F79EFBC}") = "FreeCourse.Services.FakePayment", "Services\FakePayment\FreeCourse.Services.FakePayment\FreeCourse.Services.FakePayment.csproj", "{03F2D069-A866-4C60-A4A0-6E5A8C427B03}"
EndProject
Project("{2150E333-8FDC-42A3-9474-1A3956D46DE8}") = "Gateways", "Gateways", "{255E0DDA-4DDF-4ED9-B2A8-6D2DBDE29004}"
EndProject
Project("{FAE04EC0-301F-11D3-BF4B-00C04F79EFBC}") = "FreeCourse.Gateway", "Gateways\FreeCourse.Gateway\FreeCourse.Gateway.csproj", "{ACBEAC2A-AA7C-4082-9FBE-BA47C0771EA6}"
EndProject
Project("{2150E333-8FDC-42A3-9474-1A3956D46DE8}") = "Frontends", "Frontends", "{E5D67C15-6886-45AE-A05A-275086DDC96F}"
EndProject
Project("{FAE04EC0-301F-11D3-BF4B-00C04F79EFBC}") = "FreeCourse.Web", "Frontends\FreeCourse.Web\FreeCourse.Web.csproj", "{52FBAE72-9AEE-466D-A6F2-44197E01723A}"
EndProject
Global
	GlobalSection(SolutionConfigurationPlatforms) = preSolution
		Debug|Any CPU = Debug|Any CPU
		Release|Any CPU = Release|Any CPU
	EndGlobalSection
	GlobalSection(ProjectConfigurationPlatforms) = postSolution
		{DCE671B3-1EDE-4AAB-A83B-6B77C0B13E2D}.Debug|Any CPU.ActiveCfg = Debug|Any CPU
		{DCE671B3-1EDE-4AAB-A83B-6B77C0B13E2D}.Debug|Any CPU.Build.0 = Debug|Any CPU
		{DCE671B3-1EDE-4AAB-A83B-6B77C0B13E2D}.Release|Any CPU.ActiveCfg = Release|Any CPU
		{DCE671B3-1EDE-4AAB-A83B-6B77C0B13E2D}.Release|Any CPU.Build.0 = Release|Any CPU
		{AE621F4B-7031-4C08-AF55-C572F7986719}.Debug|Any CPU.ActiveCfg = Debug|Any CPU
		{AE621F4B-7031-4C08-AF55-C572F7986719}.Debug|Any CPU.Build.0 = Debug|Any CPU
		{AE621F4B-7031-4C08-AF55-C572F7986719}.Release|Any CPU.ActiveCfg = Release|Any CPU
		{AE621F4B-7031-4C08-AF55-C572F7986719}.Release|Any CPU.Build.0 = Release|Any CPU
		{9151D52E-EA1B-4ED5-A0AF-9CCF92A6D57B}.Debug|Any CPU.ActiveCfg = Debug|Any CPU
		{9151D52E-EA1B-4ED5-A0AF-9CCF92A6D57B}.Debug|Any CPU.Build.0 = Debug|Any CPU
		{9151D52E-EA1B-4ED5-A0AF-9CCF92A6D57B}.Release|Any CPU.ActiveCfg = Release|Any CPU
		{9151D52E-EA1B-4ED5-A0AF-9CCF92A6D57B}.Release|Any CPU.Build.0 = Release|Any CPU
		{34F0648E-CF10-4F0E-BF01-7DA7768339A1}.Debug|Any CPU.ActiveCfg = Debug|Any CPU
		{34F0648E-CF10-4F0E-BF01-7DA7768339A1}.Debug|Any CPU.Build.0 = Debug|Any CPU
		{34F0648E-CF10-4F0E-BF01-7DA7768339A1}.Release|Any CPU.ActiveCfg = Release|Any CPU
		{34F0648E-CF10-4F0E-BF01-7DA7768339A1}.Release|Any CPU.Build.0 = Release|Any CPU
		{1C87BD4D-015B-45B3-8A04-4044BFE70F38}.Debug|Any CPU.ActiveCfg = Debug|Any CPU
		{1C87BD4D-015B-45B3-8A04-4044BFE70F38}.Debug|Any CPU.Build.0 = Debug|Any CPU
		{1C87BD4D-015B-45B3-8A04-4044BFE70F38}.Release|Any CPU.ActiveCfg = Release|Any CPU
		{1C87BD4D-015B-45B3-8A04-4044BFE70F38}.Release|Any CPU.Build.0 = Release|Any CPU
		{27ED0AAE-6E78-4DD8-A622-5FD8D5CE982A}.Debug|Any CPU.ActiveCfg = Debug|Any CPU
		{27ED0AAE-6E78-4DD8-A622-5FD8D5CE982A}.Debug|Any CPU.Build.0 = Debug|Any CPU
		{27ED0AAE-6E78-4DD8-A622-5FD8D5CE982A}.Release|Any CPU.ActiveCfg = Release|Any CPU
		{27ED0AAE-6E78-4DD8-A622-5FD8D5CE982A}.Release|Any CPU.Build.0 = Release|Any CPU
		{393D7A77-2E41-45A1-858E-D7D0167B63AC}.Debug|Any CPU.ActiveCfg = Debug|Any CPU
		{393D7A77-2E41-45A1-858E-D7D0167B63AC}.Debug|Any CPU.Build.0 = Debug|Any CPU
		{393D7A77-2E41-45A1-858E-D7D0167B63AC}.Release|Any CPU.ActiveCfg = Release|Any CPU
		{393D7A77-2E41-45A1-858E-D7D0167B63AC}.Release|Any CPU.Build.0 = Release|Any CPU
		{B005EB6E-1FA4-4DE4-9EDC-80322E7FAED4}.Debug|Any CPU.ActiveCfg = Debug|Any CPU
		{B005EB6E-1FA4-4DE4-9EDC-80322E7FAED4}.Debug|Any CPU.Build.0 = Debug|Any CPU
		{B005EB6E-1FA4-4DE4-9EDC-80322E7FAED4}.Release|Any CPU.ActiveCfg = Release|Any CPU
		{B005EB6E-1FA4-4DE4-9EDC-80322E7FAED4}.Release|Any CPU.Build.0 = Release|Any CPU
		{D718EA14-D146-404D-BCB0-D1B685CACFC0}.Debug|Any CPU.ActiveCfg = Debug|Any CPU
		{D718EA14-D146-404D-BCB0-D1B685CACFC0}.Debug|Any CPU.Build.0 = Debug|Any CPU
		{D718EA14-D146-404D-BCB0-D1B685CACFC0}.Release|Any CPU.ActiveCfg = Release|Any CPU
		{D718EA14-D146-404D-BCB0-D1B685CACFC0}.Release|Any CPU.Build.0 = Release|Any CPU
		{C330FF0C-6C54-4244-8D4E-C9377751B391}.Debug|Any CPU.ActiveCfg = Debug|Any CPU
		{C330FF0C-6C54-4244-8D4E-C9377751B391}.Debug|Any CPU.Build.0 = Debug|Any CPU
		{C330FF0C-6C54-4244-8D4E-C9377751B391}.Release|Any CPU.ActiveCfg = Release|Any CPU
		{C330FF0C-6C54-4244-8D4E-C9377751B391}.Release|Any CPU.Build.0 = Release|Any CPU
		{D2F367A7-69C8-42ED-A3EB-E148B5DC5C09}.Debug|Any CPU.ActiveCfg = Debug|Any CPU
		{D2F367A7-69C8-42ED-A3EB-E148B5DC5C09}.Debug|Any CPU.Build.0 = Debug|Any CPU
		{D2F367A7-69C8-42ED-A3EB-E148B5DC5C09}.Release|Any CPU.ActiveCfg = Release|Any CPU
		{D2F367A7-69C8-42ED-A3EB-E148B5DC5C09}.Release|Any CPU.Build.0 = Release|Any CPU
		{03F2D069-A866-4C60-A4A0-6E5A8C427B03}.Debug|Any CPU.ActiveCfg = Debug|Any CPU
		{03F2D069-A866-4C60-A4A0-6E5A8C427B03}.Debug|Any CPU.Build.0 = Debug|Any CPU
		{03F2D069-A866-4C60-A4A0-6E5A8C427B03}.Release|Any CPU.ActiveCfg = Release|Any CPU
		{03F2D069-A866-4C60-A4A0-6E5A8C427B03}.Release|Any CPU.Build.0 = Release|Any CPU
		{ACBEAC2A-AA7C-4082-9FBE-BA47C0771EA6}.Debug|Any CPU.ActiveCfg = Debug|Any CPU
		{ACBEAC2A-AA7C-4082-9FBE-BA47C0771EA6}.Debug|Any CPU.Build.0 = Debug|Any CPU
		{ACBEAC2A-AA7C-4082-9FBE-BA47C0771EA6}.Release|Any CPU.ActiveCfg = Release|Any CPU
		{ACBEAC2A-AA7C-4082-9FBE-BA47C0771EA6}.Release|Any CPU.Build.0 = Release|Any CPU
		{52FBAE72-9AEE-466D-A6F2-44197E01723A}.Debug|Any CPU.ActiveCfg = Debug|Any CPU
		{52FBAE72-9AEE-466D-A6F2-44197E01723A}.Debug|Any CPU.Build.0 = Debug|Any CPU
		{52FBAE72-9AEE-466D-A6F2-44197E01723A}.Release|Any CPU.ActiveCfg = Release|Any CPU
		{52FBAE72-9AEE-466D-A6F2-44197E01723A}.Release|Any CPU.Build.0 = Release|Any CPU
	EndGlobalSection
	GlobalSection(SolutionProperties) = preSolution
		HideSolutionNode = FALSE
	EndGlobalSection
	GlobalSection(NestedProjects) = preSolution
		{87999034-A013-4807-BD1F-D78CA66DFE0E} = {5302D0BA-9A14-4AC2-A4E6-5E07C9DDEFF1}
		{DCE671B3-1EDE-4AAB-A83B-6B77C0B13E2D} = {87999034-A013-4807-BD1F-D78CA66DFE0E}
		{AE621F4B-7031-4C08-AF55-C572F7986719} = {D85A90CE-AD3D-4AF3-8107-D96C3D3CAAE7}
		{6D80BFAC-5572-44A4-80E8-570070085B2C} = {5302D0BA-9A14-4AC2-A4E6-5E07C9DDEFF1}
		{03C49E13-F7A3-4B96-A07E-96ADB7241D1F} = {5302D0BA-9A14-4AC2-A4E6-5E07C9DDEFF1}
		{9151D52E-EA1B-4ED5-A0AF-9CCF92A6D57B} = {6D80BFAC-5572-44A4-80E8-570070085B2C}
		{34F0648E-CF10-4F0E-BF01-7DA7768339A1} = {03C49E13-F7A3-4B96-A07E-96ADB7241D1F}
		{B8DF56F0-4A60-47FA-A53A-55692F459725} = {5302D0BA-9A14-4AC2-A4E6-5E07C9DDEFF1}
		{1C87BD4D-015B-45B3-8A04-4044BFE70F38} = {B8DF56F0-4A60-47FA-A53A-55692F459725}
		{CE47B70E-FBB7-4585-B14B-5EC4B4BDA1F4} = {5302D0BA-9A14-4AC2-A4E6-5E07C9DDEFF1}
		{393D7A77-2E41-45A1-858E-D7D0167B63AC} = {CE47B70E-FBB7-4585-B14B-5EC4B4BDA1F4}
		{B005EB6E-1FA4-4DE4-9EDC-80322E7FAED4} = {CE47B70E-FBB7-4585-B14B-5EC4B4BDA1F4}
		{D718EA14-D146-404D-BCB0-D1B685CACFC0} = {CE47B70E-FBB7-4585-B14B-5EC4B4BDA1F4}
		{C330FF0C-6C54-4244-8D4E-C9377751B391} = {CE47B70E-FBB7-4585-B14B-5EC4B4BDA1F4}
		{D2F367A7-69C8-42ED-A3EB-E148B5DC5C09} = {CE47B70E-FBB7-4585-B14B-5EC4B4BDA1F4}
		{E6822C8C-1B1F-4FCF-9BF2-1C11E6AB8345} = {5302D0BA-9A14-4AC2-A4E6-5E07C9DDEFF1}
		{03F2D069-A866-4C60-A4A0-6E5A8C427B03} = {E6822C8C-1B1F-4FCF-9BF2-1C11E6AB8345}
		{ACBEAC2A-AA7C-4082-9FBE-BA47C0771EA6} = {255E0DDA-4DDF-4ED9-B2A8-6D2DBDE29004}
		{52FBAE72-9AEE-466D-A6F2-44197E01723A} = {E5D67C15-6886-45AE-A05A-275086DDC96F}
	EndGlobalSection
	GlobalSection(ExtensibilityGlobals) = postSolution
		SolutionGuid = {EBE0FFCE-2EBD-486A-BB54-71EBE0462863}
	EndGlobalSection
EndGlobal
