
Microsoft Visual Studio Solution File, Format Version 12.00
# Visual Studio Version 16
VisualStudioVersion = 16.0.810.22
MinimumVisualStudioVersion = 10.0.40219.1
Project("{2150E333-8FDC-42A3-9474-1A3956D46DE8}") = "Services", "Services", "{5302D0BA-9A14-4AC2-A4E6-5E07C9DDEFF1}"
EndProject
Project("{2150E333-8FDC-42A3-9474-1A3956D46DE8}") = "Catalog", "Catalog", "{87999034-A013-4807-BD1F-D78CA66DFE0E}"
EndProject
Project("{FAE04EC0-301F-11D3-BF4B-00C04F79EFBC}") = "FreeCourse.Services.Catalog", "Services\Catalog\FreeCourse.Services.Catalog\FreeCourse.Services.Catalog.csproj", "{DCE671B3-1EDE-4AAB-A83B-6B77C0B13E2D}"
EndProject
Project("{2150E333-8FDC-42A3-9474-1A3956D46DE8}") = "Shared", "Shared", "{D85A90CE-AD3D-4AF3-8107-D96C3D3CAAE7}"
EndProject
Project("{FAE04EC0-301F-11D3-BF4B-00C04F79EFBC}") = "FreeCourse.Shared", "Shared\FreeCourse.Shared\FreeCourse.Shared.csproj", "{AE621F4B-7031-4C08-AF55-C572F7986719}"
EndProject
Project("{2150E333-8FDC-42A3-9474-1A3956D46DE8}") = "IdentityServer", "IdentityServer", "{4DA25EBE-F691-4105-8262-CE6EFDF1FF78}"
EndProject
Project("{FAE04EC0-301F-11D3-BF4B-00C04F79EFBC}") = "FreeCourse.IdentityServer", "IdentityServer\FreeCourse.IdentityServer\FreeCourse.IdentityServer.csproj", "{DDD5B32C-F070-443A-A967-01BC397A7AC0}"
EndProject
Global
	GlobalSection(SolutionConfigurationPlatforms) = preSolution
		Debug|Any CPU = Debug|Any CPU
		Release|Any CPU = Release|Any CPU
	EndGlobalSection
	GlobalSection(ProjectConfigurationPlatforms) = postSolution
		{DCE671B3-1EDE-4AAB-A83B-6B77C0B13E2D}.Debug|Any CPU.ActiveCfg = Debug|Any CPU
		{DCE671B3-1EDE-4AAB-A83B-6B77C0B13E2D}.Debug|Any CPU.Build.0 = Debug|Any CPU
		{DCE671B3-1EDE-4AAB-A83B-6B77C0B13E2D}.Release|Any CPU.ActiveCfg = Release|Any CPU
		{DCE671B3-1EDE-4AAB-A83B-6B77C0B13E2D}.Release|Any CPU.Build.0 = Release|Any CPU
		{AE621F4B-7031-4C08-AF55-C572F7986719}.Debug|Any CPU.ActiveCfg = Debug|Any CPU
		{AE621F4B-7031-4C08-AF55-C572F7986719}.Debug|Any CPU.Build.0 = Debug|Any CPU
		{AE621F4B-7031-4C08-AF55-C572F7986719}.Release|Any CPU.ActiveCfg = Release|Any CPU
		{AE621F4B-7031-4C08-AF55-C572F7986719}.Release|Any CPU.Build.0 = Release|Any CPU
		{DDD5B32C-F070-443A-A967-01BC397A7AC0}.Debug|Any CPU.ActiveCfg = Debug|Any CPU
		{DDD5B32C-F070-443A-A967-01BC397A7AC0}.Debug|Any CPU.Build.0 = Debug|Any CPU
		{DDD5B32C-F070-443A-A967-01BC397A7AC0}.Release|Any CPU.ActiveCfg = Release|Any CPU
		{DDD5B32C-F070-443A-A967-01BC397A7AC0}.Release|Any CPU.Build.0 = Release|Any CPU
	EndGlobalSection
	GlobalSection(SolutionProperties) = preSolution
		HideSolutionNode = FALSE
	EndGlobalSection
	GlobalSection(ExtensibilityGlobals) = postSolution
		SolutionGuid = {EBE0FFCE-2EBD-486A-BB54-71EBE0462863}
	EndGlobalSection
	GlobalSection(NestedProjects) = preSolution
		{87999034-A013-4807-BD1F-D78CA66DFE0E} = {5302D0BA-9A14-4AC2-A4E6-5E07C9DDEFF1}
		{DCE671B3-1EDE-4AAB-A83B-6B77C0B13E2D} = {87999034-A013-4807-BD1F-D78CA66DFE0E}
		{AE621F4B-7031-4C08-AF55-C572F7986719} = {D85A90CE-AD3D-4AF3-8107-D96C3D3CAAE7}
		{DDD5B32C-F070-443A-A967-01BC397A7AC0} = {4DA25EBE-F691-4105-8262-CE6EFDF1FF78}
	EndGlobalSection
EndGlobal
